
Microsoft Visual Studio Solution File, Format Version 12.00
# Visual Studio 15
VisualStudioVersion = 15.0.28307.329
MinimumVisualStudioVersion = 10.0.40219.1
Project("{2150E333-8FDC-42A3-9474-1A3956D46DE8}") = "Referenced", "Referenced", "{D8C51691-DB60-4AED-8F81-ECBCF5CF3410}"
EndProject
Project("{FAE04EC0-301F-11D3-BF4B-00C04F79EFBC}") = "Aviary.Wind", "..\Aviary.Wind\Aviary.Wind\Aviary.Wind.csproj", "{1DCF2E8C-B3E6-4BB9-AEDB-AE0E1D4AF9F4}"
EndProject
Project("{FAE04EC0-301F-11D3-BF4B-00C04F79EFBC}") = "Aviary.Macaw", "Aviary.Macaw\Aviary.Macaw.csproj", "{F63D18E9-6D82-41C1-AC61-33653E9A137A}"
EndProject
Global
	GlobalSection(SolutionConfigurationPlatforms) = preSolution
		Debug|Any CPU = Debug|Any CPU
		Release|Any CPU = Release|Any CPU
	EndGlobalSection
	GlobalSection(ProjectConfigurationPlatforms) = postSolution
		{1DCF2E8C-B3E6-4BB9-AEDB-AE0E1D4AF9F4}.Debug|Any CPU.ActiveCfg = Debug|Any CPU
		{1DCF2E8C-B3E6-4BB9-AEDB-AE0E1D4AF9F4}.Debug|Any CPU.Build.0 = Debug|Any CPU
		{1DCF2E8C-B3E6-4BB9-AEDB-AE0E1D4AF9F4}.Release|Any CPU.ActiveCfg = Release|Any CPU
		{1DCF2E8C-B3E6-4BB9-AEDB-AE0E1D4AF9F4}.Release|Any CPU.Build.0 = Release|Any CPU
		{F63D18E9-6D82-41C1-AC61-33653E9A137A}.Debug|Any CPU.ActiveCfg = Debug|Any CPU
		{F63D18E9-6D82-41C1-AC61-33653E9A137A}.Debug|Any CPU.Build.0 = Debug|Any CPU
		{F63D18E9-6D82-41C1-AC61-33653E9A137A}.Release|Any CPU.ActiveCfg = Release|Any CPU
		{F63D18E9-6D82-41C1-AC61-33653E9A137A}.Release|Any CPU.Build.0 = Release|Any CPU
	EndGlobalSection
	GlobalSection(SolutionProperties) = preSolution
		HideSolutionNode = FALSE
	EndGlobalSection
	GlobalSection(NestedProjects) = preSolution
		{1DCF2E8C-B3E6-4BB9-AEDB-AE0E1D4AF9F4} = {D8C51691-DB60-4AED-8F81-ECBCF5CF3410}
	EndGlobalSection
	GlobalSection(ExtensibilityGlobals) = postSolution
		SolutionGuid = {262326C7-5E96-482B-A4B7-52B2DFC7ABE7}
	EndGlobalSection
EndGlobal
